
Microsoft Visual Studio Solution File, Format Version 12.00
# Visual Studio Version 17
VisualStudioVersion = 17.8.34511.84
MinimumVisualStudioVersion = 10.0.40219.1
Project("{2150E333-8FDC-42A3-9474-1A3956D46DE8}") = "src", "src", "{398012C9-1263-434F-89D5-C35EE6B2F14E}"
EndProject
Project("{2150E333-8FDC-42A3-9474-1A3956D46DE8}") = "API", "API", "{1F8A53EA-9E88-4A02-9368-302C338D52E9}"
EndProject
Project("{2150E333-8FDC-42A3-9474-1A3956D46DE8}") = "CapaDatos", "CapaDatos", "{08AB8F6E-9003-4FD6-B056-C259F12C0B7D}"
EndProject
Project("{2150E333-8FDC-42A3-9474-1A3956D46DE8}") = "CapaNegocio", "CapaNegocio", "{4CD8C591-5449-4638-9FC9-EA50550099A8}"
EndProject
Project("{2150E333-8FDC-42A3-9474-1A3956D46DE8}") = "CapaEntidades", "CapaEntidades", "{62ECBF43-00FE-4D7B-9DEB-D4F2CDFE9BD7}"
EndProject
Project("{9A19103F-16F7-4668-BE54-9A1E7A4F7556}") = "SistemaLibroAPI", "SistemaLibroAPI\SistemaLibroAPI.csproj", "{8D788578-2778-489A-82A1-EC404E198A3E}"
EndProject
Project("{9A19103F-16F7-4668-BE54-9A1E7A4F7556}") = "CapaDatos", "CapaDatos\CapaDatos.csproj", "{E889CA53-7635-4ECA-B931-F84D99A5C95C}"
EndProject
Project("{9A19103F-16F7-4668-BE54-9A1E7A4F7556}") = "CapaEntidades", "CapaEntidades\CapaEntidades.csproj", "{E477F0FA-8410-49FC-B830-9D15703B7577}"
EndProject
Project("{9A19103F-16F7-4668-BE54-9A1E7A4F7556}") = "CapaNegocio", "CapaNegocio\CapaNegocio.csproj", "{A7AB46D5-04A2-4014-96ED-654A6E8BBF62}"
EndProject
Global
	GlobalSection(SolutionConfigurationPlatforms) = preSolution
		Debug|Any CPU = Debug|Any CPU
		Release|Any CPU = Release|Any CPU
	EndGlobalSection
	GlobalSection(ProjectConfigurationPlatforms) = postSolution
		{8D788578-2778-489A-82A1-EC404E198A3E}.Debug|Any CPU.ActiveCfg = Debug|Any CPU
		{8D788578-2778-489A-82A1-EC404E198A3E}.Debug|Any CPU.Build.0 = Debug|Any CPU
		{8D788578-2778-489A-82A1-EC404E198A3E}.Release|Any CPU.ActiveCfg = Release|Any CPU
		{8D788578-2778-489A-82A1-EC404E198A3E}.Release|Any CPU.Build.0 = Release|Any CPU
		{E889CA53-7635-4ECA-B931-F84D99A5C95C}.Debug|Any CPU.ActiveCfg = Debug|Any CPU
		{E889CA53-7635-4ECA-B931-F84D99A5C95C}.Debug|Any CPU.Build.0 = Debug|Any CPU
		{E889CA53-7635-4ECA-B931-F84D99A5C95C}.Release|Any CPU.ActiveCfg = Release|Any CPU
		{E889CA53-7635-4ECA-B931-F84D99A5C95C}.Release|Any CPU.Build.0 = Release|Any CPU
		{E477F0FA-8410-49FC-B830-9D15703B7577}.Debug|Any CPU.ActiveCfg = Debug|Any CPU
		{E477F0FA-8410-49FC-B830-9D15703B7577}.Debug|Any CPU.Build.0 = Debug|Any CPU
		{E477F0FA-8410-49FC-B830-9D15703B7577}.Release|Any CPU.ActiveCfg = Release|Any CPU
		{E477F0FA-8410-49FC-B830-9D15703B7577}.Release|Any CPU.Build.0 = Release|Any CPU
		{A7AB46D5-04A2-4014-96ED-654A6E8BBF62}.Debug|Any CPU.ActiveCfg = Debug|Any CPU
		{A7AB46D5-04A2-4014-96ED-654A6E8BBF62}.Debug|Any CPU.Build.0 = Debug|Any CPU
		{A7AB46D5-04A2-4014-96ED-654A6E8BBF62}.Release|Any CPU.ActiveCfg = Release|Any CPU
		{A7AB46D5-04A2-4014-96ED-654A6E8BBF62}.Release|Any CPU.Build.0 = Release|Any CPU
	EndGlobalSection
	GlobalSection(SolutionProperties) = preSolution
		HideSolutionNode = FALSE
	EndGlobalSection
	GlobalSection(NestedProjects) = preSolution
		{1F8A53EA-9E88-4A02-9368-302C338D52E9} = {398012C9-1263-434F-89D5-C35EE6B2F14E}
		{08AB8F6E-9003-4FD6-B056-C259F12C0B7D} = {398012C9-1263-434F-89D5-C35EE6B2F14E}
		{4CD8C591-5449-4638-9FC9-EA50550099A8} = {398012C9-1263-434F-89D5-C35EE6B2F14E}
		{62ECBF43-00FE-4D7B-9DEB-D4F2CDFE9BD7} = {398012C9-1263-434F-89D5-C35EE6B2F14E}
		{8D788578-2778-489A-82A1-EC404E198A3E} = {1F8A53EA-9E88-4A02-9368-302C338D52E9}
		{E889CA53-7635-4ECA-B931-F84D99A5C95C} = {08AB8F6E-9003-4FD6-B056-C259F12C0B7D}
		{E477F0FA-8410-49FC-B830-9D15703B7577} = {62ECBF43-00FE-4D7B-9DEB-D4F2CDFE9BD7}
		{A7AB46D5-04A2-4014-96ED-654A6E8BBF62} = {4CD8C591-5449-4638-9FC9-EA50550099A8}
	EndGlobalSection
	GlobalSection(ExtensibilityGlobals) = postSolution
		SolutionGuid = {3B38C386-5BD5-43CF-8B55-D7673FD5FD66}
	EndGlobalSection
EndGlobal
